
Microsoft Visual Studio Solution File, Format Version 12.00
# Visual Studio Version 17
VisualStudioVersion = 17.2.32602.215
MinimumVisualStudioVersion = 10.0.40219.1
Project("{FAE04EC0-301F-11D3-BF4B-00C04F79EFBC}") = "Calculator", "Calculator.csproj", "{B39A8FD6-38EC-4740-BE42-85352D94531F}"
EndProject
Global
	GlobalSection(SolutionConfigurationPlatforms) = preSolution
		Debug|Any CPU = Debug|Any CPU
		Release|Any CPU = Release|Any CPU
	EndGlobalSection
	GlobalSection(ProjectConfigurationPlatforms) = postSolution
		{B39A8FD6-38EC-4740-BE42-85352D94531F}.Debug|Any CPU.ActiveCfg = Debug|Any CPU
		{B39A8FD6-38EC-4740-BE42-85352D94531F}.Debug|Any CPU.Build.0 = Debug|Any CPU
		{B39A8FD6-38EC-4740-BE42-85352D94531F}.Release|Any CPU.ActiveCfg = Release|Any CPU
		{B39A8FD6-38EC-4740-BE42-85352D94531F}.Release|Any CPU.Build.0 = Release|Any CPU
	EndGlobalSection
	GlobalSection(SolutionProperties) = preSolution
		HideSolutionNode = FALSE
	EndGlobalSection
	GlobalSection(ExtensibilityGlobals) = postSolution
		SolutionGuid = {4DD2DF56-3C74-4B34-931B-37C0FAE83B61}
	EndGlobalSection
EndGlobal
